
Microsoft Visual Studio Solution File, Format Version 12.00
# Visual Studio Version 17
VisualStudioVersion = 17.3.32825.248
MinimumVisualStudioVersion = 10.0.40219.1
Project("{FAE04EC0-301F-11D3-BF4B-00C04F79EFBC}") = "Api", "DDStudy2022\Api.csproj", "{D42B5975-2039-44F2-9F53-EF9AD093C452}"
EndProject
Project("{FAE04EC0-301F-11D3-BF4B-00C04F79EFBC}") = "Common", "Common\Common.csproj", "{228DC299-3C3D-4356-B4F1-26FBA6DD4CF9}"
EndProject
Project("{FAE04EC0-301F-11D3-BF4B-00C04F79EFBC}") = "DAL", "DAL\DAL.csproj", "{46B43F61-1A5B-4727-802B-15428E088313}"
EndProject
Global
	GlobalSection(SolutionConfigurationPlatforms) = preSolution
		Debug|Any CPU = Debug|Any CPU
		Release|Any CPU = Release|Any CPU
	EndGlobalSection
	GlobalSection(ProjectConfigurationPlatforms) = postSolution
		{D42B5975-2039-44F2-9F53-EF9AD093C452}.Debug|Any CPU.ActiveCfg = Debug|Any CPU
		{D42B5975-2039-44F2-9F53-EF9AD093C452}.Debug|Any CPU.Build.0 = Debug|Any CPU
		{D42B5975-2039-44F2-9F53-EF9AD093C452}.Release|Any CPU.ActiveCfg = Release|Any CPU
		{D42B5975-2039-44F2-9F53-EF9AD093C452}.Release|Any CPU.Build.0 = Release|Any CPU
		{228DC299-3C3D-4356-B4F1-26FBA6DD4CF9}.Debug|Any CPU.ActiveCfg = Debug|Any CPU
		{228DC299-3C3D-4356-B4F1-26FBA6DD4CF9}.Debug|Any CPU.Build.0 = Debug|Any CPU
		{228DC299-3C3D-4356-B4F1-26FBA6DD4CF9}.Release|Any CPU.ActiveCfg = Release|Any CPU
		{228DC299-3C3D-4356-B4F1-26FBA6DD4CF9}.Release|Any CPU.Build.0 = Release|Any CPU
		{46B43F61-1A5B-4727-802B-15428E088313}.Debug|Any CPU.ActiveCfg = Debug|Any CPU
		{46B43F61-1A5B-4727-802B-15428E088313}.Debug|Any CPU.Build.0 = Debug|Any CPU
		{46B43F61-1A5B-4727-802B-15428E088313}.Release|Any CPU.ActiveCfg = Release|Any CPU
		{46B43F61-1A5B-4727-802B-15428E088313}.Release|Any CPU.Build.0 = Release|Any CPU
	EndGlobalSection
	GlobalSection(SolutionProperties) = preSolution
		HideSolutionNode = FALSE
	EndGlobalSection
	GlobalSection(ExtensibilityGlobals) = postSolution
		SolutionGuid = {0E7683DE-BEE4-42F4-892B-25EC44829887}
	EndGlobalSection
EndGlobal
